
Microsoft Visual Studio Solution File, Format Version 12.00
# Visual Studio 14
VisualStudioVersion = 14.0.25420.1
MinimumVisualStudioVersion = 10.0.40219.1
Project("{FAE04EC0-301F-11D3-BF4B-00C04F79EFBC}") = "Remember", "Remember\Remember\Remember.csproj", "{1FE2FABD-90E0-4CFD-8377-2D331F1DD2D0}"
EndProject
Project("{FAE04EC0-301F-11D3-BF4B-00C04F79EFBC}") = "Remember.Droid", "Remember\Remember.Droid\Remember.Droid.csproj", "{57CF4749-C609-4043-84DF-890041109A08}"
EndProject
Project("{FAE04EC0-301F-11D3-BF4B-00C04F79EFBC}") = "Remember.iOS", "Remember\Remember.iOS\Remember.iOS.csproj", "{2CCC4FD1-8E7B-4776-B57F-F23B7B4B33BE}"
EndProject
Project("{FAE04EC0-301F-11D3-BF4B-00C04F79EFBC}") = "Remember.UWP", "Remember\Remember.UWP\Remember.UWP.csproj", "{ACDAA459-E0E6-47D0-BF73-9EB3F26CC914}"
EndProject
Global
	GlobalSection(SolutionConfigurationPlatforms) = preSolution
		Ad-Hoc|Any CPU = Ad-Hoc|Any CPU
		Ad-Hoc|ARM = Ad-Hoc|ARM
		Ad-Hoc|iPhone = Ad-Hoc|iPhone
		Ad-Hoc|iPhoneSimulator = Ad-Hoc|iPhoneSimulator
		Ad-Hoc|x64 = Ad-Hoc|x64
		Ad-Hoc|x86 = Ad-Hoc|x86
		AppStore|Any CPU = AppStore|Any CPU
		AppStore|ARM = AppStore|ARM
		AppStore|iPhone = AppStore|iPhone
		AppStore|iPhoneSimulator = AppStore|iPhoneSimulator
		AppStore|x64 = AppStore|x64
		AppStore|x86 = AppStore|x86
		Debug|Any CPU = Debug|Any CPU
		Debug|ARM = Debug|ARM
		Debug|iPhone = Debug|iPhone
		Debug|iPhoneSimulator = Debug|iPhoneSimulator
		Debug|x64 = Debug|x64
		Debug|x86 = Debug|x86
		Release|Any CPU = Release|Any CPU
		Release|ARM = Release|ARM
		Release|iPhone = Release|iPhone
		Release|iPhoneSimulator = Release|iPhoneSimulator
		Release|x64 = Release|x64
		Release|x86 = Release|x86
	EndGlobalSection
	GlobalSection(ProjectConfigurationPlatforms) = postSolution
		{1FE2FABD-90E0-4CFD-8377-2D331F1DD2D0}.Ad-Hoc|Any CPU.ActiveCfg = Release|Any CPU
		{1FE2FABD-90E0-4CFD-8377-2D331F1DD2D0}.Ad-Hoc|Any CPU.Build.0 = Release|Any CPU
		{1FE2FABD-90E0-4CFD-8377-2D331F1DD2D0}.Ad-Hoc|ARM.ActiveCfg = Release|Any CPU
		{1FE2FABD-90E0-4CFD-8377-2D331F1DD2D0}.Ad-Hoc|ARM.Build.0 = Release|Any CPU
		{1FE2FABD-90E0-4CFD-8377-2D331F1DD2D0}.Ad-Hoc|iPhone.ActiveCfg = Release|Any CPU
		{1FE2FABD-90E0-4CFD-8377-2D331F1DD2D0}.Ad-Hoc|iPhone.Build.0 = Release|Any CPU
		{1FE2FABD-90E0-4CFD-8377-2D331F1DD2D0}.Ad-Hoc|iPhoneSimulator.ActiveCfg = Release|Any CPU
		{1FE2FABD-90E0-4CFD-8377-2D331F1DD2D0}.Ad-Hoc|iPhoneSimulator.Build.0 = Release|Any CPU
		{1FE2FABD-90E0-4CFD-8377-2D331F1DD2D0}.Ad-Hoc|x64.ActiveCfg = Release|Any CPU
		{1FE2FABD-90E0-4CFD-8377-2D331F1DD2D0}.Ad-Hoc|x64.Build.0 = Release|Any CPU
		{1FE2FABD-90E0-4CFD-8377-2D331F1DD2D0}.Ad-Hoc|x86.ActiveCfg = Release|Any CPU
		{1FE2FABD-90E0-4CFD-8377-2D331F1DD2D0}.Ad-Hoc|x86.Build.0 = Release|Any CPU
		{1FE2FABD-90E0-4CFD-8377-2D331F1DD2D0}.AppStore|Any CPU.ActiveCfg = Release|Any CPU
		{1FE2FABD-90E0-4CFD-8377-2D331F1DD2D0}.AppStore|Any CPU.Build.0 = Release|Any CPU
		{1FE2FABD-90E0-4CFD-8377-2D331F1DD2D0}.AppStore|ARM.ActiveCfg = Release|Any CPU
		{1FE2FABD-90E0-4CFD-8377-2D331F1DD2D0}.AppStore|ARM.Build.0 = Release|Any CPU
		{1FE2FABD-90E0-4CFD-8377-2D331F1DD2D0}.AppStore|iPhone.ActiveCfg = Release|Any CPU
		{1FE2FABD-90E0-4CFD-8377-2D331F1DD2D0}.AppStore|iPhone.Build.0 = Release|Any CPU
		{1FE2FABD-90E0-4CFD-8377-2D331F1DD2D0}.AppStore|iPhoneSimulator.ActiveCfg = Release|Any CPU
		{1FE2FABD-90E0-4CFD-8377-2D331F1DD2D0}.AppStore|iPhoneSimulator.Build.0 = Release|Any CPU
		{1FE2FABD-90E0-4CFD-8377-2D331F1DD2D0}.AppStore|x64.ActiveCfg = Release|Any CPU
		{1FE2FABD-90E0-4CFD-8377-2D331F1DD2D0}.AppStore|x64.Build.0 = Release|Any CPU
		{1FE2FABD-90E0-4CFD-8377-2D331F1DD2D0}.AppStore|x86.ActiveCfg = Release|Any CPU
		{1FE2FABD-90E0-4CFD-8377-2D331F1DD2D0}.AppStore|x86.Build.0 = Release|Any CPU
		{1FE2FABD-90E0-4CFD-8377-2D331F1DD2D0}.Debug|Any CPU.ActiveCfg = Debug|Any CPU
		{1FE2FABD-90E0-4CFD-8377-2D331F1DD2D0}.Debug|Any CPU.Build.0 = Debug|Any CPU
		{1FE2FABD-90E0-4CFD-8377-2D331F1DD2D0}.Debug|ARM.ActiveCfg = Debug|Any CPU
		{1FE2FABD-90E0-4CFD-8377-2D331F1DD2D0}.Debug|ARM.Build.0 = Debug|Any CPU
		{1FE2FABD-90E0-4CFD-8377-2D331F1DD2D0}.Debug|iPhone.ActiveCfg = Debug|Any CPU
		{1FE2FABD-90E0-4CFD-8377-2D331F1DD2D0}.Debug|iPhone.Build.0 = Debug|Any CPU
		{1FE2FABD-90E0-4CFD-8377-2D331F1DD2D0}.Debug|iPhoneSimulator.ActiveCfg = Debug|Any CPU
		{1FE2FABD-90E0-4CFD-8377-2D331F1DD2D0}.Debug|iPhoneSimulator.Build.0 = Debug|Any CPU
		{1FE2FABD-90E0-4CFD-8377-2D331F1DD2D0}.Debug|x64.ActiveCfg = Debug|Any CPU
		{1FE2FABD-90E0-4CFD-8377-2D331F1DD2D0}.Debug|x64.Build.0 = Debug|Any CPU
		{1FE2FABD-90E0-4CFD-8377-2D331F1DD2D0}.Debug|x86.ActiveCfg = Debug|Any CPU
		{1FE2FABD-90E0-4CFD-8377-2D331F1DD2D0}.Debug|x86.Build.0 = Debug|Any CPU
		{1FE2FABD-90E0-4CFD-8377-2D331F1DD2D0}.Release|Any CPU.ActiveCfg = Release|Any CPU
		{1FE2FABD-90E0-4CFD-8377-2D331F1DD2D0}.Release|Any CPU.Build.0 = Release|Any CPU
		{1FE2FABD-90E0-4CFD-8377-2D331F1DD2D0}.Release|ARM.ActiveCfg = Release|Any CPU
		{1FE2FABD-90E0-4CFD-8377-2D331F1DD2D0}.Release|ARM.Build.0 = Release|Any CPU
		{1FE2FABD-90E0-4CFD-8377-2D331F1DD2D0}.Release|iPhone.ActiveCfg = Release|Any CPU
		{1FE2FABD-90E0-4CFD-8377-2D331F1DD2D0}.Release|iPhone.Build.0 = Release|Any CPU
		{1FE2FABD-90E0-4CFD-8377-2D331F1DD2D0}.Release|iPhoneSimulator.ActiveCfg = Release|Any CPU
		{1FE2FABD-90E0-4CFD-8377-2D331F1DD2D0}.Release|iPhoneSimulator.Build.0 = Release|Any CPU
		{1FE2FABD-90E0-4CFD-8377-2D331F1DD2D0}.Release|x64.ActiveCfg = Release|Any CPU
		{1FE2FABD-90E0-4CFD-8377-2D331F1DD2D0}.Release|x64.Build.0 = Release|Any CPU
		{1FE2FABD-90E0-4CFD-8377-2D331F1DD2D0}.Release|x86.ActiveCfg = Release|Any CPU
		{1FE2FABD-90E0-4CFD-8377-2D331F1DD2D0}.Release|x86.Build.0 = Release|Any CPU
		{57CF4749-C609-4043-84DF-890041109A08}.Ad-Hoc|Any CPU.ActiveCfg = Release|Any CPU
		{57CF4749-C609-4043-84DF-890041109A08}.Ad-Hoc|Any CPU.Build.0 = Release|Any CPU
		{57CF4749-C609-4043-84DF-890041109A08}.Ad-Hoc|Any CPU.Deploy.0 = Release|Any CPU
		{57CF4749-C609-4043-84DF-890041109A08}.Ad-Hoc|ARM.ActiveCfg = Release|Any CPU
		{57CF4749-C609-4043-84DF-890041109A08}.Ad-Hoc|ARM.Build.0 = Release|Any CPU
		{57CF4749-C609-4043-84DF-890041109A08}.Ad-Hoc|ARM.Deploy.0 = Release|Any CPU
		{57CF4749-C609-4043-84DF-890041109A08}.Ad-Hoc|iPhone.ActiveCfg = Release|Any CPU
		{57CF4749-C609-4043-84DF-890041109A08}.Ad-Hoc|iPhone.Build.0 = Release|Any CPU
		{57CF4749-C609-4043-84DF-890041109A08}.Ad-Hoc|iPhone.Deploy.0 = Release|Any CPU
		{57CF4749-C609-4043-84DF-890041109A08}.Ad-Hoc|iPhoneSimulator.ActiveCfg = Release|Any CPU
		{57CF4749-C609-4043-84DF-890041109A08}.Ad-Hoc|iPhoneSimulator.Build.0 = Release|Any CPU
		{57CF4749-C609-4043-84DF-890041109A08}.Ad-Hoc|iPhoneSimulator.Deploy.0 = Release|Any CPU
		{57CF4749-C609-4043-84DF-890041109A08}.Ad-Hoc|x64.ActiveCfg = Release|Any CPU
		{57CF4749-C609-4043-84DF-890041109A08}.Ad-Hoc|x64.Build.0 = Release|Any CPU
		{57CF4749-C609-4043-84DF-890041109A08}.Ad-Hoc|x64.Deploy.0 = Release|Any CPU
		{57CF4749-C609-4043-84DF-890041109A08}.Ad-Hoc|x86.ActiveCfg = Release|Any CPU
		{57CF4749-C609-4043-84DF-890041109A08}.Ad-Hoc|x86.Build.0 = Release|Any CPU
		{57CF4749-C609-4043-84DF-890041109A08}.Ad-Hoc|x86.Deploy.0 = Release|Any CPU
		{57CF4749-C609-4043-84DF-890041109A08}.AppStore|Any CPU.ActiveCfg = Release|Any CPU
		{57CF4749-C609-4043-84DF-890041109A08}.AppStore|Any CPU.Build.0 = Release|Any CPU
		{57CF4749-C609-4043-84DF-890041109A08}.AppStore|Any CPU.Deploy.0 = Release|Any CPU
		{57CF4749-C609-4043-84DF-890041109A08}.AppStore|ARM.ActiveCfg = Release|Any CPU
		{57CF4749-C609-4043-84DF-890041109A08}.AppStore|ARM.Build.0 = Release|Any CPU
		{57CF4749-C609-4043-84DF-890041109A08}.AppStore|ARM.Deploy.0 = Release|Any CPU
		{57CF4749-C609-4043-84DF-890041109A08}.AppStore|iPhone.ActiveCfg = Release|Any CPU
		{57CF4749-C609-4043-84DF-890041109A08}.AppStore|iPhone.Build.0 = Release|Any CPU
		{57CF4749-C609-4043-84DF-890041109A08}.AppStore|iPhone.Deploy.0 = Release|Any CPU
		{57CF4749-C609-4043-84DF-890041109A08}.AppStore|iPhoneSimulator.ActiveCfg = Release|Any CPU
		{57CF4749-C609-4043-84DF-890041109A08}.AppStore|iPhoneSimulator.Build.0 = Release|Any CPU
		{57CF4749-C609-4043-84DF-890041109A08}.AppStore|iPhoneSimulator.Deploy.0 = Release|Any CPU
		{57CF4749-C609-4043-84DF-890041109A08}.AppStore|x64.ActiveCfg = Release|Any CPU
		{57CF4749-C609-4043-84DF-890041109A08}.AppStore|x64.Build.0 = Release|Any CPU
		{57CF4749-C609-4043-84DF-890041109A08}.AppStore|x64.Deploy.0 = Release|Any CPU
		{57CF4749-C609-4043-84DF-890041109A08}.AppStore|x86.ActiveCfg = Release|Any CPU
		{57CF4749-C609-4043-84DF-890041109A08}.AppStore|x86.Build.0 = Release|Any CPU
		{57CF4749-C609-4043-84DF-890041109A08}.AppStore|x86.Deploy.0 = Release|Any CPU
		{57CF4749-C609-4043-84DF-890041109A08}.Debug|Any CPU.ActiveCfg = Debug|Any CPU
		{57CF4749-C609-4043-84DF-890041109A08}.Debug|Any CPU.Build.0 = Debug|Any CPU
		{57CF4749-C609-4043-84DF-890041109A08}.Debug|Any CPU.Deploy.0 = Debug|Any CPU
		{57CF4749-C609-4043-84DF-890041109A08}.Debug|ARM.ActiveCfg = Debug|Any CPU
		{57CF4749-C609-4043-84DF-890041109A08}.Debug|ARM.Build.0 = Debug|Any CPU
		{57CF4749-C609-4043-84DF-890041109A08}.Debug|ARM.Deploy.0 = Debug|Any CPU
		{57CF4749-C609-4043-84DF-890041109A08}.Debug|iPhone.ActiveCfg = Debug|Any CPU
		{57CF4749-C609-4043-84DF-890041109A08}.Debug|iPhone.Build.0 = Debug|Any CPU
		{57CF4749-C609-4043-84DF-890041109A08}.Debug|iPhone.Deploy.0 = Debug|Any CPU
		{57CF4749-C609-4043-84DF-890041109A08}.Debug|iPhoneSimulator.ActiveCfg = Debug|Any CPU
		{57CF4749-C609-4043-84DF-890041109A08}.Debug|iPhoneSimulator.Build.0 = Debug|Any CPU
		{57CF4749-C609-4043-84DF-890041109A08}.Debug|iPhoneSimulator.Deploy.0 = Debug|Any CPU
		{57CF4749-C609-4043-84DF-890041109A08}.Debug|x64.ActiveCfg = Debug|Any CPU
		{57CF4749-C609-4043-84DF-890041109A08}.Debug|x64.Build.0 = Debug|Any CPU
		{57CF4749-C609-4043-84DF-890041109A08}.Debug|x64.Deploy.0 = Debug|Any CPU
		{57CF4749-C609-4043-84DF-890041109A08}.Debug|x86.ActiveCfg = Debug|Any CPU
		{57CF4749-C609-4043-84DF-890041109A08}.Debug|x86.Build.0 = Debug|Any CPU
		{57CF4749-C609-4043-84DF-890041109A08}.Debug|x86.Deploy.0 = Debug|Any CPU
		{57CF4749-C609-4043-84DF-890041109A08}.Release|Any CPU.ActiveCfg = Release|Any CPU
		{57CF4749-C609-4043-84DF-890041109A08}.Release|Any CPU.Build.0 = Release|Any CPU
		{57CF4749-C609-4043-84DF-890041109A08}.Release|Any CPU.Deploy.0 = Release|Any CPU
		{57CF4749-C609-4043-84DF-890041109A08}.Release|ARM.ActiveCfg = Release|Any CPU
		{57CF4749-C609-4043-84DF-890041109A08}.Release|ARM.Build.0 = Release|Any CPU
		{57CF4749-C609-4043-84DF-890041109A08}.Release|ARM.Deploy.0 = Release|Any CPU
		{57CF4749-C609-4043-84DF-890041109A08}.Release|iPhone.ActiveCfg = Release|Any CPU
		{57CF4749-C609-4043-84DF-890041109A08}.Release|iPhone.Build.0 = Release|Any CPU
		{57CF4749-C609-4043-84DF-890041109A08}.Release|iPhone.Deploy.0 = Release|Any CPU
		{57CF4749-C609-4043-84DF-890041109A08}.Release|iPhoneSimulator.ActiveCfg = Release|Any CPU
		{57CF4749-C609-4043-84DF-890041109A08}.Release|iPhoneSimulator.Build.0 = Release|Any CPU
		{57CF4749-C609-4043-84DF-890041109A08}.Release|iPhoneSimulator.Deploy.0 = Release|Any CPU
		{57CF4749-C609-4043-84DF-890041109A08}.Release|x64.ActiveCfg = Release|Any CPU
		{57CF4749-C609-4043-84DF-890041109A08}.Release|x64.Build.0 = Release|Any CPU
		{57CF4749-C609-4043-84DF-890041109A08}.Release|x64.Deploy.0 = Release|Any CPU
		{57CF4749-C609-4043-84DF-890041109A08}.Release|x86.ActiveCfg = Release|Any CPU
		{57CF4749-C609-4043-84DF-890041109A08}.Release|x86.Build.0 = Release|Any CPU
		{57CF4749-C609-4043-84DF-890041109A08}.Release|x86.Deploy.0 = Release|Any CPU
		{2CCC4FD1-8E7B-4776-B57F-F23B7B4B33BE}.Ad-Hoc|Any CPU.ActiveCfg = Ad-Hoc|iPhone
		{2CCC4FD1-8E7B-4776-B57F-F23B7B4B33BE}.Ad-Hoc|ARM.ActiveCfg = Ad-Hoc|iPhone
		{2CCC4FD1-8E7B-4776-B57F-F23B7B4B33BE}.Ad-Hoc|iPhone.ActiveCfg = Ad-Hoc|iPhone
		{2CCC4FD1-8E7B-4776-B57F-F23B7B4B33BE}.Ad-Hoc|iPhone.Build.0 = Ad-Hoc|iPhone
		{2CCC4FD1-8E7B-4776-B57F-F23B7B4B33BE}.Ad-Hoc|iPhoneSimulator.ActiveCfg = Ad-Hoc|iPhoneSimulator
		{2CCC4FD1-8E7B-4776-B57F-F23B7B4B33BE}.Ad-Hoc|iPhoneSimulator.Build.0 = Ad-Hoc|iPhoneSimulator
		{2CCC4FD1-8E7B-4776-B57F-F23B7B4B33BE}.Ad-Hoc|x64.ActiveCfg = Ad-Hoc|iPhone
		{2CCC4FD1-8E7B-4776-B57F-F23B7B4B33BE}.Ad-Hoc|x86.ActiveCfg = Ad-Hoc|iPhone
		{2CCC4FD1-8E7B-4776-B57F-F23B7B4B33BE}.AppStore|Any CPU.ActiveCfg = AppStore|iPhone
		{2CCC4FD1-8E7B-4776-B57F-F23B7B4B33BE}.AppStore|ARM.ActiveCfg = AppStore|iPhone
		{2CCC4FD1-8E7B-4776-B57F-F23B7B4B33BE}.AppStore|iPhone.ActiveCfg = AppStore|iPhone
		{2CCC4FD1-8E7B-4776-B57F-F23B7B4B33BE}.AppStore|iPhone.Build.0 = AppStore|iPhone
		{2CCC4FD1-8E7B-4776-B57F-F23B7B4B33BE}.AppStore|iPhoneSimulator.ActiveCfg = AppStore|iPhoneSimulator
		{2CCC4FD1-8E7B-4776-B57F-F23B7B4B33BE}.AppStore|iPhoneSimulator.Build.0 = AppStore|iPhoneSimulator
		{2CCC4FD1-8E7B-4776-B57F-F23B7B4B33BE}.AppStore|x64.ActiveCfg = AppStore|iPhone
		{2CCC4FD1-8E7B-4776-B57F-F23B7B4B33BE}.AppStore|x86.ActiveCfg = AppStore|iPhone
		{2CCC4FD1-8E7B-4776-B57F-F23B7B4B33BE}.Debug|Any CPU.ActiveCfg = Debug|iPhone
		{2CCC4FD1-8E7B-4776-B57F-F23B7B4B33BE}.Debug|ARM.ActiveCfg = Debug|iPhone
		{2CCC4FD1-8E7B-4776-B57F-F23B7B4B33BE}.Debug|iPhone.ActiveCfg = Debug|iPhone
		{2CCC4FD1-8E7B-4776-B57F-F23B7B4B33BE}.Debug|iPhone.Build.0 = Debug|iPhone
		{2CCC4FD1-8E7B-4776-B57F-F23B7B4B33BE}.Debug|iPhoneSimulator.ActiveCfg = Debug|iPhoneSimulator
		{2CCC4FD1-8E7B-4776-B57F-F23B7B4B33BE}.Debug|iPhoneSimulator.Build.0 = Debug|iPhoneSimulator
		{2CCC4FD1-8E7B-4776-B57F-F23B7B4B33BE}.Debug|x64.ActiveCfg = Debug|iPhone
		{2CCC4FD1-8E7B-4776-B57F-F23B7B4B33BE}.Debug|x86.ActiveCfg = Debug|iPhone
		{2CCC4FD1-8E7B-4776-B57F-F23B7B4B33BE}.Release|Any CPU.ActiveCfg = Release|iPhone
		{2CCC4FD1-8E7B-4776-B57F-F23B7B4B33BE}.Release|ARM.ActiveCfg = Release|iPhone
		{2CCC4FD1-8E7B-4776-B57F-F23B7B4B33BE}.Release|iPhone.ActiveCfg = Release|iPhone
		{2CCC4FD1-8E7B-4776-B57F-F23B7B4B33BE}.Release|iPhone.Build.0 = Release|iPhone
		{2CCC4FD1-8E7B-4776-B57F-F23B7B4B33BE}.Release|iPhoneSimulator.ActiveCfg = Release|iPhoneSimulator
		{2CCC4FD1-8E7B-4776-B57F-F23B7B4B33BE}.Release|iPhoneSimulator.Build.0 = Release|iPhoneSimulator
		{2CCC4FD1-8E7B-4776-B57F-F23B7B4B33BE}.Release|x64.ActiveCfg = Release|iPhone
		{2CCC4FD1-8E7B-4776-B57F-F23B7B4B33BE}.Release|x86.ActiveCfg = Release|iPhone
		{ACDAA459-E0E6-47D0-BF73-9EB3F26CC914}.Ad-Hoc|Any CPU.ActiveCfg = Release|x86
		{ACDAA459-E0E6-47D0-BF73-9EB3F26CC914}.Ad-Hoc|Any CPU.Build.0 = Release|x86
		{ACDAA459-E0E6-47D0-BF73-9EB3F26CC914}.Ad-Hoc|Any CPU.Deploy.0 = Release|x86
		{ACDAA459-E0E6-47D0-BF73-9EB3F26CC914}.Ad-Hoc|ARM.ActiveCfg = Release|ARM
		{ACDAA459-E0E6-47D0-BF73-9EB3F26CC914}.Ad-Hoc|ARM.Build.0 = Release|ARM
		{ACDAA459-E0E6-47D0-BF73-9EB3F26CC914}.Ad-Hoc|ARM.Deploy.0 = Release|ARM
		{ACDAA459-E0E6-47D0-BF73-9EB3F26CC914}.Ad-Hoc|iPhone.ActiveCfg = Release|x86
		{ACDAA459-E0E6-47D0-BF73-9EB3F26CC914}.Ad-Hoc|iPhone.Build.0 = Release|x86
		{ACDAA459-E0E6-47D0-BF73-9EB3F26CC914}.Ad-Hoc|iPhone.Deploy.0 = Release|x86
		{ACDAA459-E0E6-47D0-BF73-9EB3F26CC914}.Ad-Hoc|iPhoneSimulator.ActiveCfg = Release|x86
		{ACDAA459-E0E6-47D0-BF73-9EB3F26CC914}.Ad-Hoc|iPhoneSimulator.Build.0 = Release|x86
		{ACDAA459-E0E6-47D0-BF73-9EB3F26CC914}.Ad-Hoc|iPhoneSimulator.Deploy.0 = Release|x86
		{ACDAA459-E0E6-47D0-BF73-9EB3F26CC914}.Ad-Hoc|x64.ActiveCfg = Release|x64
		{ACDAA459-E0E6-47D0-BF73-9EB3F26CC914}.Ad-Hoc|x64.Build.0 = Release|x64
		{ACDAA459-E0E6-47D0-BF73-9EB3F26CC914}.Ad-Hoc|x64.Deploy.0 = Release|x64
		{ACDAA459-E0E6-47D0-BF73-9EB3F26CC914}.Ad-Hoc|x86.ActiveCfg = Release|x86
		{ACDAA459-E0E6-47D0-BF73-9EB3F26CC914}.Ad-Hoc|x86.Build.0 = Release|x86
		{ACDAA459-E0E6-47D0-BF73-9EB3F26CC914}.Ad-Hoc|x86.Deploy.0 = Release|x86
		{ACDAA459-E0E6-47D0-BF73-9EB3F26CC914}.AppStore|Any CPU.ActiveCfg = Release|x86
		{ACDAA459-E0E6-47D0-BF73-9EB3F26CC914}.AppStore|Any CPU.Build.0 = Release|x86
		{ACDAA459-E0E6-47D0-BF73-9EB3F26CC914}.AppStore|Any CPU.Deploy.0 = Release|x86
		{ACDAA459-E0E6-47D0-BF73-9EB3F26CC914}.AppStore|ARM.ActiveCfg = Release|ARM
		{ACDAA459-E0E6-47D0-BF73-9EB3F26CC914}.AppStore|ARM.Build.0 = Release|ARM
		{ACDAA459-E0E6-47D0-BF73-9EB3F26CC914}.AppStore|ARM.Deploy.0 = Release|ARM
		{ACDAA459-E0E6-47D0-BF73-9EB3F26CC914}.AppStore|iPhone.ActiveCfg = Release|x86
		{ACDAA459-E0E6-47D0-BF73-9EB3F26CC914}.AppStore|iPhone.Build.0 = Release|x86
		{ACDAA459-E0E6-47D0-BF73-9EB3F26CC914}.AppStore|iPhone.Deploy.0 = Release|x86
		{ACDAA459-E0E6-47D0-BF73-9EB3F26CC914}.AppStore|iPhoneSimulator.ActiveCfg = Release|x86
		{ACDAA459-E0E6-47D0-BF73-9EB3F26CC914}.AppStore|iPhoneSimulator.Build.0 = Release|x86
		{ACDAA459-E0E6-47D0-BF73-9EB3F26CC914}.AppStore|iPhoneSimulator.Deploy.0 = Release|x86
		{ACDAA459-E0E6-47D0-BF73-9EB3F26CC914}.AppStore|x64.ActiveCfg = Release|x64
		{ACDAA459-E0E6-47D0-BF73-9EB3F26CC914}.AppStore|x64.Build.0 = Release|x64
		{ACDAA459-E0E6-47D0-BF73-9EB3F26CC914}.AppStore|x64.Deploy.0 = Release|x64
		{ACDAA459-E0E6-47D0-BF73-9EB3F26CC914}.AppStore|x86.ActiveCfg = Release|x86
		{ACDAA459-E0E6-47D0-BF73-9EB3F26CC914}.AppStore|x86.Build.0 = Release|x86
		{ACDAA459-E0E6-47D0-BF73-9EB3F26CC914}.AppStore|x86.Deploy.0 = Release|x86
		{ACDAA459-E0E6-47D0-BF73-9EB3F26CC914}.Debug|Any CPU.ActiveCfg = Debug|x86
		{ACDAA459-E0E6-47D0-BF73-9EB3F26CC914}.Debug|ARM.ActiveCfg = Debug|ARM
		{ACDAA459-E0E6-47D0-BF73-9EB3F26CC914}.Debug|ARM.Build.0 = Debug|ARM
		{ACDAA459-E0E6-47D0-BF73-9EB3F26CC914}.Debug|ARM.Deploy.0 = Debug|ARM
		{ACDAA459-E0E6-47D0-BF73-9EB3F26CC914}.Debug|iPhone.ActiveCfg = Debug|x86
		{ACDAA459-E0E6-47D0-BF73-9EB3F26CC914}.Debug|iPhoneSimulator.ActiveCfg = Debug|x86
		{ACDAA459-E0E6-47D0-BF73-9EB3F26CC914}.Debug|x64.ActiveCfg = Debug|x64
		{ACDAA459-E0E6-47D0-BF73-9EB3F26CC914}.Debug|x64.Build.0 = Debug|x64
		{ACDAA459-E0E6-47D0-BF73-9EB3F26CC914}.Debug|x64.Deploy.0 = Debug|x64
		{ACDAA459-E0E6-47D0-BF73-9EB3F26CC914}.Debug|x86.ActiveCfg = Debug|x86
		{ACDAA459-E0E6-47D0-BF73-9EB3F26CC914}.Debug|x86.Build.0 = Debug|x86
		{ACDAA459-E0E6-47D0-BF73-9EB3F26CC914}.Debug|x86.Deploy.0 = Debug|x86
		{ACDAA459-E0E6-47D0-BF73-9EB3F26CC914}.Release|Any CPU.ActiveCfg = Release|x86
		{ACDAA459-E0E6-47D0-BF73-9EB3F26CC914}.Release|ARM.ActiveCfg = Release|ARM
		{ACDAA459-E0E6-47D0-BF73-9EB3F26CC914}.Release|ARM.Build.0 = Release|ARM
		{ACDAA459-E0E6-47D0-BF73-9EB3F26CC914}.Release|ARM.Deploy.0 = Release|ARM
		{ACDAA459-E0E6-47D0-BF73-9EB3F26CC914}.Release|iPhone.ActiveCfg = Release|x86
		{ACDAA459-E0E6-47D0-BF73-9EB3F26CC914}.Release|iPhoneSimulator.ActiveCfg = Release|x86
		{ACDAA459-E0E6-47D0-BF73-9EB3F26CC914}.Release|x64.ActiveCfg = Release|x64
		{ACDAA459-E0E6-47D0-BF73-9EB3F26CC914}.Release|x64.Build.0 = Release|x64
		{ACDAA459-E0E6-47D0-BF73-9EB3F26CC914}.Release|x64.Deploy.0 = Release|x64
		{ACDAA459-E0E6-47D0-BF73-9EB3F26CC914}.Release|x86.ActiveCfg = Release|x86
		{ACDAA459-E0E6-47D0-BF73-9EB3F26CC914}.Release|x86.Build.0 = Release|x86
		{ACDAA459-E0E6-47D0-BF73-9EB3F26CC914}.Release|x86.Deploy.0 = Release|x86
	EndGlobalSection
	GlobalSection(SolutionProperties) = preSolution
		HideSolutionNode = FALSE
	EndGlobalSection
EndGlobal
